
Microsoft Visual Studio Solution File, Format Version 12.00
# Visual Studio 15
VisualStudioVersion = 15.0.27703.2042
MinimumVisualStudioVersion = 10.0.40219.1
Project("{F184B08F-C81C-45F6-A57F-5ABD9991F28F}") = "BigDisplay", "BigDisplay\BigDisplay.vbproj", "{824B7A9A-0CA4-4879-A295-03BB0DD527C8}"
EndProject
Project("{FAE04EC0-301F-11D3-BF4B-00C04F79EFBC}") = "UdpSimulator", "UdpSimulator\UdpSimulator.csproj", "{7103E372-FD64-4CE6-8ABD-B735C7410A0C}"
EndProject
Project("{F184B08F-C81C-45F6-A57F-5ABD9991F28F}") = "ShipState", "ShipState\ShipState.vbproj", "{9F838482-0F9D-4389-B92F-2FCD697430E4}"
EndProject
Global
	GlobalSection(SolutionConfigurationPlatforms) = preSolution
		Debug|Any CPU = Debug|Any CPU
		Release|Any CPU = Release|Any CPU
	EndGlobalSection
	GlobalSection(ProjectConfigurationPlatforms) = postSolution
		{824B7A9A-0CA4-4879-A295-03BB0DD527C8}.Debug|Any CPU.ActiveCfg = Debug|Any CPU
		{824B7A9A-0CA4-4879-A295-03BB0DD527C8}.Debug|Any CPU.Build.0 = Debug|Any CPU
		{824B7A9A-0CA4-4879-A295-03BB0DD527C8}.Release|Any CPU.ActiveCfg = Release|Any CPU
		{824B7A9A-0CA4-4879-A295-03BB0DD527C8}.Release|Any CPU.Build.0 = Release|Any CPU
		{7103E372-FD64-4CE6-8ABD-B735C7410A0C}.Debug|Any CPU.ActiveCfg = Debug|Any CPU
		{7103E372-FD64-4CE6-8ABD-B735C7410A0C}.Debug|Any CPU.Build.0 = Debug|Any CPU
		{7103E372-FD64-4CE6-8ABD-B735C7410A0C}.Release|Any CPU.ActiveCfg = Release|Any CPU
		{7103E372-FD64-4CE6-8ABD-B735C7410A0C}.Release|Any CPU.Build.0 = Release|Any CPU
		{9F838482-0F9D-4389-B92F-2FCD697430E4}.Debug|Any CPU.ActiveCfg = Debug|Any CPU
		{9F838482-0F9D-4389-B92F-2FCD697430E4}.Debug|Any CPU.Build.0 = Debug|Any CPU
		{9F838482-0F9D-4389-B92F-2FCD697430E4}.Release|Any CPU.ActiveCfg = Release|Any CPU
		{9F838482-0F9D-4389-B92F-2FCD697430E4}.Release|Any CPU.Build.0 = Release|Any CPU
	EndGlobalSection
	GlobalSection(SolutionProperties) = preSolution
		HideSolutionNode = FALSE
	EndGlobalSection
	GlobalSection(ExtensibilityGlobals) = postSolution
		SolutionGuid = {AE7D367B-FAFE-4B06-9DF1-5129320C828C}
	EndGlobalSection
EndGlobal
